
Microsoft Visual Studio Solution File, Format Version 12.00
# Visual Studio Version 16
VisualStudioVersion = 16.0.32106.194
MinimumVisualStudioVersion = 10.0.40219.1
Project("{FAE04EC0-301F-11D3-BF4B-00C04F79EFBC}") = "SQLHomeWork", "SQLHomeWork\SQLHomeWork.csproj", "{05E8184F-5C5D-451A-A6D5-6EDA4E6AEBCF}"
EndProject
Global
	GlobalSection(SolutionConfigurationPlatforms) = preSolution
		Debug|Any CPU = Debug|Any CPU
		Release|Any CPU = Release|Any CPU
	EndGlobalSection
	GlobalSection(ProjectConfigurationPlatforms) = postSolution
		{05E8184F-5C5D-451A-A6D5-6EDA4E6AEBCF}.Debug|Any CPU.ActiveCfg = Debug|Any CPU
		{05E8184F-5C5D-451A-A6D5-6EDA4E6AEBCF}.Debug|Any CPU.Build.0 = Debug|Any CPU
		{05E8184F-5C5D-451A-A6D5-6EDA4E6AEBCF}.Release|Any CPU.ActiveCfg = Release|Any CPU
		{05E8184F-5C5D-451A-A6D5-6EDA4E6AEBCF}.Release|Any CPU.Build.0 = Release|Any CPU
	EndGlobalSection
	GlobalSection(SolutionProperties) = preSolution
		HideSolutionNode = FALSE
	EndGlobalSection
	GlobalSection(ExtensibilityGlobals) = postSolution
		SolutionGuid = {6668916F-135B-40DB-AE5F-DC1045AD07C8}
	EndGlobalSection
EndGlobal
